// !$*UTF8*$!
{
	archiveVersion = 1;
	classes = {
	};
	objectVersion = 46;
	objects = {

/* Begin PBXBuildFile section */
		B0C0F61B15C85DEA003D806D /* UIKit.framework in Frameworks */ = {isa = PBXBuildFile; fileRef = B0C0F61A15C85DEA003D806D /* UIKit.framework */; };
		B0C0F61D15C85DEA003D806D /* Foundation.framework in Frameworks */ = {isa = PBXBuildFile; fileRef = B0C0F61C15C85DEA003D806D /* Foundation.framework */; };
		B0C0F61F15C85DEA003D806D /* CoreGraphics.framework in Frameworks */ = {isa = PBXBuildFile; fileRef = B0C0F61E15C85DEA003D806D /* CoreGraphics.framework */; };
		B0C0F62515C85DEA003D806D /* InfoPlist.strings in Resources */ = {isa = PBXBuildFile; fileRef = B0C0F62315C85DEA003D806D /* InfoPlist.strings */; };
		B0C0F62715C85DEA003D806D /* main.m in Sources */ = {isa = PBXBuildFile; fileRef = B0C0F62615C85DEA003D806D /* main.m */; };
		B0C0F62B15C85DEA003D806D /* HelloAppAppDelegate.m in Sources */ = {isa = PBXBuildFile; fileRef = B0C0F62A15C85DEA003D806D /* HelloAppAppDelegate.m */; };
		B0C0F62E15C85DEA003D806D /* MainStoryboard_iPhone.storyboard in Resources */ = {isa = PBXBuildFile; fileRef = B0C0F62C15C85DEA003D806D /* MainStoryboard_iPhone.storyboard */; };
		B0C0F63115C85DEA003D806D /* MainStoryboard_iPad.storyboard in Resources */ = {isa = PBXBuildFile; fileRef = B0C0F62F15C85DEA003D806D /* MainStoryboard_iPad.storyboard */; };
		B0C0F63415C85DEA003D806D /* HelloAppViewController.m in Sources */ = {isa = PBXBuildFile; fileRef = B0C0F63315C85DEA003D806D /* HelloAppViewController.m */; };
/* End PBXBuildFile section */

/* Begin PBXFileReference section */
		B0C0F61615C85DEA003D806D /* HelloApp.app */ = {isa = PBXFileReference; explicitFileType = wrapper.application; includeInIndex = 0; path = HelloApp.app; sourceTree = BUILT_PRODUCTS_DIR; };
		B0C0F61A15C85DEA003D806D /* UIKit.framework */ = {isa = PBXFileReference; lastKnownFileType = wrapper.framework; name = UIKit.framework; path = System/Library/Frameworks/UIKit.framework; sourceTree = SDKROOT; };
		B0C0F61C15C85DEA003D806D /* Foundation.framework */ = {isa = PBXFileReference; lastKnownFileType = wrapper.framework; name = Foundation.framework; path = System/Library/Frameworks/Foundation.framework; sourceTree = SDKROOT; };
		B0C0F61E15C85DEA003D806D /* CoreGraphics.framework */ = {isa = PBXFileReference; lastKnownFileType = wrapper.framework; name = CoreGraphics.framework; path = System/Library/Frameworks/CoreGraphics.framework; sourceTree = SDKROOT; };
		B0C0F62215C85DEA003D806D /* HelloApp-Info.plist */ = {isa = PBXFileReference; lastKnownFileType = text.plist.xml; path = "HelloApp-Info.plist"; sourceTree = "<group>"; };
		B0C0F62415C85DEA003D806D /* en */ = {isa = PBXFileReference; lastKnownFileType = text.plist.strings; name = en; path = en.lproj/InfoPlist.strings; sourceTree = "<group>"; };
		B0C0F62615C85DEA003D806D /* main.m */ = {isa = PBXFileReference; lastKnownFileType = sourcecode.c.objc; path = main.m; sourceTree = "<group>"; };
		B0C0F62815C85DEA003D806D /* HelloApp-Prefix.pch */ = {isa = PBXFileReference; lastKnownFileType = sourcecode.c.h; path = "HelloApp-Prefix.pch"; sourceTree = "<group>"; };
		B0C0F62915C85DEA003D806D /* HelloAppAppDelegate.h */ = {isa = PBXFileReference; lastKnownFileType = sourcecode.c.h; path = HelloAppAppDelegate.h; sourceTree = "<group>"; };
		B0C0F62A15C85DEA003D806D /* HelloAppAppDelegate.m */ = {isa = PBXFileReference; lastKnownFileType = sourcecode.c.objc; path = HelloAppAppDelegate.m; sourceTree = "<group>"; };
		B0C0F62D15C85DEA003D806D /* en */ = {isa = PBXFileReference; lastKnownFileType = file.storyboard; name = en; path = en.lproj/MainStoryboard_iPhone.storyboard; sourceTree = "<group>"; };
		B0C0F63015C85DEA003D806D /* en */ = {isa = PBXFileReference; lastKnownFileType = file.storyboard; name = en; path = en.lproj/MainStoryboard_iPad.storyboard; sourceTree = "<group>"; };
		B0C0F63215C85DEA003D806D /* HelloAppViewController.h */ = {isa = PBXFileReference; lastKnownFileType = sourcecode.c.h; path = HelloAppViewController.h; sourceTree = "<group>"; };
		B0C0F63315C85DEA003D806D /* HelloAppViewController.m */ = {isa = PBXFileReference; lastKnownFileType = sourcecode.c.objc; path = HelloAppViewController.m; sourceTree = "<group>"; };
/* End PBXFileReference section */

/* Begin PBXFrameworksBuildPhase section */
		B0C0F61315C85DEA003D806D /* Frameworks */ = {
			isa = PBXFrameworksBuildPhase;
			buildActionMask = 2147483647;
			files = (
				B0C0F61B15C85DEA003D806D /* UIKit.framework in Frameworks */,
				B0C0F61D15C85DEA003D806D /* Foundation.framework in Frameworks */,
				B0C0F61F15C85DEA003D806D /* CoreGraphics.framework in Frameworks */,
			);
			runOnlyForDeploymentPostprocessing = 0;
		};
/* End PBXFrameworksBuildPhase section */

/* Begin PBXGroup section */
		B0C0F60B15C85DEA003D806D = {
			isa = PBXGroup;
			children = (
				B0C0F62015C85DEA003D806D /* HelloApp */,
				B0C0F61915C85DEA003D806D /* Frameworks */,
				B0C0F61715C85DEA003D806D /* Products */,
			);
			sourceTree = "<group>";
		};
		B0C0F61715C85DEA003D806D /* Products */ = {
			isa = PBXGroup;
			children = (
				B0C0F61615C85DEA003D806D /* HelloApp.app */,
			);
			name = Products;
			sourceTree = "<group>";
		};
		B0C0F61915C85DEA003D806D /* Frameworks */ = {
			isa = PBXGroup;
			children = (
				B0C0F61A15C85DEA003D806D /* UIKit.framework */,
				B0C0F61C15C85DEA003D806D /* Foundation.framework */,
				B0C0F61E15C85DEA003D806D /* CoreGraphics.framework */,
			);
			name = Frameworks;
			sourceTree = "<group>";
		};
		B0C0F62015C85DEA003D806D /* HelloApp */ = {
			isa = PBXGroup;
			children = (
				B0C0F62915C85DEA003D806D /* HelloAppAppDelegate.h */,
				B0C0F62A15C85DEA003D806D /* HelloAppAppDelegate.m */,
				B0C0F62C15C85DEA003D806D /* MainStoryboard_iPhone.storyboard */,
				B0C0F62F15C85DEA003D806D /* MainStoryboard_iPad.storyboard */,
				B0C0F63215C85DEA003D806D /* HelloAppViewController.h */,
				B0C0F63315C85DEA003D806D /* HelloAppViewController.m */,
				B0C0F62115C85DEA003D806D /* Supporting Files */,
			);
			path = HelloApp;
			sourceTree = "<group>";
		};
		B0C0F62115C85DEA003D806D /* Supporting Files */ = {
			isa = PBXGroup;
			children = (
				B0C0F62215C85DEA003D806D /* HelloApp-Info.plist */,
				B0C0F62315C85DEA003D806D /* InfoPlist.strings */,
				B0C0F62615C85DEA003D806D /* main.m */,
				B0C0F62815C85DEA003D806D /* HelloApp-Prefix.pch */,
			);
			name = "Supporting Files";
			sourceTree = "<group>";
		};
/* End PBXGroup section */

/* Begin PBXNativeTarget section */
		B0C0F61515C85DEA003D806D /* HelloApp */ = {
			isa = PBXNativeTarget;
			buildConfigurationList = B0C0F63715C85DEA003D806D /* Build configuration list for PBXNativeTarget "HelloApp" */;
			buildPhases = (
				B0C0F61215C85DEA003D806D /* Sources */,
				B0C0F61315C85DEA003D806D /* Frameworks */,
				B0C0F61415C85DEA003D806D /* Resources */,
			);
			buildRules = (
			);
			dependencies = (
			);
			name = HelloApp;
			productName = HelloApp;
			productReference = B0C0F61615C85DEA003D806D /* HelloApp.app */;
			productType = "com.apple.product-type.application";
		};
/* End PBXNativeTarget section */

/* Begin PBXProject section */
		B0C0F60D15C85DEA003D806D /* Project object */ = {
			isa = PBXProject;
			attributes = {
				CLASSPREFIX = HelloApp;
				LastUpgradeCheck = 0430;
				ORGANIZATIONNAME = "Louisiana State University";
			};
			buildConfigurationList = B0C0F61015C85DEA003D806D /* Build configuration list for PBXProject "HelloApp" */;
			compatibilityVersion = "Xcode 3.2";
			developmentRegion = English;
			hasScannedForEncodings = 0;
			knownRegions = (
				en,
			);
			mainGroup = B0C0F60B15C85DEA003D806D;
			productRefGroup = B0C0F61715C85DEA003D806D /* Products */;
			projectDirPath = "";
			projectRoot = "";
			targets = (
				B0C0F61515C85DEA003D806D /* HelloApp */,
			);
		};
/* End PBXProject section */

/* Begin PBXResourcesBuildPhase section */
		B0C0F61415C85DEA003D806D /* Resources */ = {
			isa = PBXResourcesBuildPhase;
			buildActionMask = 2147483647;
			files = (
				B0C0F62515C85DEA003D806D /* InfoPlist.strings in Resources */,
				B0C0F62E15C85DEA003D806D /* MainStoryboard_iPhone.storyboard in Resources */,
				B0C0F63115C85DEA003D806D /* MainStoryboard_iPad.storyboard in Resources */,
			);
			runOnlyForDeploymentPostprocessing = 0;
		};
/* End PBXResourcesBuildPhase section */

/* Begin PBXSourcesBuildPhase section */
		B0C0F61215C85DEA003D806D /* Sources */ = {
			isa = PBXSourcesBuildPhase;
			buildActionMask = 2147483647;
			files = (
				B0C0F62715C85DEA003D806D /* main.m in Sources */,
				B0C0F62B15C85DEA003D806D /* HelloAppAppDelegate.m in Sources */,
				B0C0F63415C85DEA003D806D /* HelloAppViewController.m in Sources */,
			);
			runOnlyForDeploymentPostprocessing = 0;
		};
/* End PBXSourcesBuildPhase section */

/* Begin PBXVariantGroup section */
		B0C0F62315C85DEA003D806D /* InfoPlist.strings */ = {
			isa = PBXVariantGroup;
			children = (
				B0C0F62415C85DEA003D806D /* en */,
			);
			name = InfoPlist.strings;
			sourceTree = "<group>";
		};
		B0C0F62C15C85DEA003D806D /* MainStoryboard_iPhone.storyboard */ = {
			isa = PBXVariantGroup;
			children = (
				B0C0F62D15C85DEA003D806D /* en */,
			);
			name = MainStoryboard_iPhone.storyboard;
			sourceTree = "<group>";
		};
		B0C0F62F15C85DEA003D806D /* MainStoryboard_iPad.storyboard */ = {
			isa = PBXVariantGroup;
			children = (
				B0C0F63015C85DEA003D806D /* en */,
			);
			name = MainStoryboard_iPad.storyboard;
			sourceTree = "<group>";
		};
/* End PBXVariantGroup section */

/* Begin XCBuildConfiguration section */
		B0C0F63515C85DEA003D806D /* Debug */ = {
			isa = XCBuildConfiguration;
			buildSettings = {
				ALWAYS_SEARCH_USER_PATHS = NO;
				ARCHS = "$(ARCHS_STANDARD_32_BIT)";
				CLANG_ENABLE_OBJC_ARC = YES;
				"CODE_SIGN_IDENTITY[sdk=iphoneos*]" = "iPhone Developer";
				COPY_PHASE_STRIP = NO;
				GCC_C_LANGUAGE_STANDARD = gnu99;
				GCC_DYNAMIC_NO_PIC = NO;
				GCC_OPTIMIZATION_LEVEL = 0;
				GCC_PREPROCESSOR_DEFINITIONS = (
					"DEBUG=1",
					"$(inherited)",
				);
				GCC_SYMBOLS_PRIVATE_EXTERN = NO;
				GCC_VERSION = com.apple.compilers.llvm.clang.1_0;
				GCC_WARN_ABOUT_RETURN_TYPE = YES;
				GCC_WARN_UNINITIALIZED_AUTOS = YES;
				GCC_WARN_UNUSED_VARIABLE = YES;
				IPHONEOS_DEPLOYMENT_TARGET = 5.1;
				SDKROOT = iphoneos;
				TARGETED_DEVICE_FAMILY = "1,2";
			};
			name = Debug;
		};
		B0C0F63615C85DEA003D806D /* Release */ = {
			isa = XCBuildConfiguration;
			buildSettings = {
				ALWAYS_SEARCH_USER_PATHS = NO;
				ARCHS = "$(ARCHS_STANDARD_32_BIT)";
				CLANG_ENABLE_OBJC_ARC = YES;
				"CODE_SIGN_IDENTITY[sdk=iphoneos*]" = "iPhone Developer";
				COPY_PHASE_STRIP = YES;
				GCC_C_LANGUAGE_STANDARD = gnu99;
				GCC_VERSION = com.apple.compilers.llvm.clang.1_0;
				GCC_WARN_ABOUT_RETURN_TYPE = YES;
				GCC_WARN_UNINITIALIZED_AUTOS = YES;
				GCC_WARN_UNUSED_VARIABLE = YES;
				IPHONEOS_DEPLOYMENT_TARGET = 5.1;
				OTHER_CFLAGS = "-DNS_BLOCK_ASSERTIONS=1";
				SDKROOT = iphoneos;
				TARGETED_DEVICE_FAMILY = "1,2";
				VALIDATE_PRODUCT = YES;
			};
			name = Release;
		};
		B0C0F63815C85DEA003D806D /* Debug */ = {
			isa = XCBuildConfiguration;
			buildSettings = {
				GCC_PRECOMPILE_PREFIX_HEADER = YES;
				GCC_PREFIX_HEADER = "HelloApp/HelloApp-Prefix.pch";
				INFOPLIST_FILE = "HelloApp/HelloApp-Info.plist";
				PRODUCT_NAME = "$(TARGET_NAME)";
				WRAPPER_EXTENSION = app;
			};
			name = Debug;
		};
		B0C0F63915C85DEA003D806D /* Release */ = {
			isa = XCBuildConfiguration;
			buildSettings = {
				GCC_PRECOMPILE_PREFIX_HEADER = YES;
				GCC_PREFIX_HEADER = "HelloApp/HelloApp-Prefix.pch";
				INFOPLIST_FILE = "HelloApp/HelloApp-Info.plist";
				PRODUCT_NAME = "$(TARGET_NAME)";
				WRAPPER_EXTENSION = app;
			};
			name = Release;
		};
/* End XCBuildConfiguration section */

/* Begin XCConfigurationList section */
		B0C0F61015C85DEA003D806D /* Build configuration list for PBXProject "HelloApp" */ = {
			isa = XCConfigurationList;
			buildConfigurations = (
				B0C0F63515C85DEA003D806D /* Debug */,
				B0C0F63615C85DEA003D806D /* Release */,
			);
			defaultConfigurationIsVisible = 0;
			defaultConfigurationName = Release;
		};
		B0C0F63715C85DEA003D806D /* Build configuration list for PBXNativeTarget "HelloApp" */ = {
			isa = XCConfigurationList;
			buildConfigurations = (
				B0C0F63815C85DEA003D806D /* Debug */,
				B0C0F63915C85DEA003D806D /* Release */,
			);
			defaultConfigurationIsVisible = 0;
		};
/* End XCConfigurationList section */
	};
	rootObject = B0C0F60D15C85DEA003D806D /* Project object */;
}
